
Microsoft Visual Studio Solution File, Format Version 12.00
# Visual Studio Version 16
VisualStudioVersion = 16.0.810.11
MinimumVisualStudioVersion = 10.0.40219.1
Project("{FAE04EC0-301F-11D3-BF4B-00C04F79EFBC}") = "Login.WebApi", "Login.WebApi\Login.WebApi.csproj", "{F4B34E80-9B6B-4105-85E7-89A1822D61E5}"
EndProject
Project("{FAE04EC0-301F-11D3-BF4B-00C04F79EFBC}") = "Login.DomainModel", "Login.DomainModel\Login.DomainModel.csproj", "{A637814A-31BC-4406-A9F3-98FC35A5D974}"
EndProject
Project("{FAE04EC0-301F-11D3-BF4B-00C04F79EFBC}") = "Login.Data", "Login.Data\Login.Data.csproj", "{7C2A4C41-D507-4DF7-B1B9-701C90D27677}"
EndProject
Project("{FAE04EC0-301F-11D3-BF4B-00C04F79EFBC}") = "Login.Data.Interface", "Login.Data.Interface\Login.Data.Interface.csproj", "{46A607CE-952C-4EFD-A141-AFD6FCD7954A}"
EndProject
Project("{FAE04EC0-301F-11D3-BF4B-00C04F79EFBC}") = "Login.Integration.Interface", "Login.Integration.Interface\Login.Integration.Interface.csproj", "{9B9468B6-EB3A-4948-A963-92EA20CAB372}"
EndProject
Project("{FAE04EC0-301F-11D3-BF4B-00C04F79EFBC}") = "Login.Integration.Interface.Validator", "Login.Integration.Interface.Validator\Login.Integration.Interface.Validator.csproj", "{8832FCCB-4BFA-4CD4-819A-4F7372B6EDD5}"
EndProject
Project("{FAE04EC0-301F-11D3-BF4B-00C04F79EFBC}") = "Login.Services", "Login.Services\Login.Services.csproj", "{606C943F-27DC-4713-A028-125E68280CCE}"
EndProject
Global
	GlobalSection(SolutionConfigurationPlatforms) = preSolution
		Debug|Any CPU = Debug|Any CPU
		Release|Any CPU = Release|Any CPU
	EndGlobalSection
	GlobalSection(ProjectConfigurationPlatforms) = postSolution
		{F4B34E80-9B6B-4105-85E7-89A1822D61E5}.Debug|Any CPU.ActiveCfg = Debug|Any CPU
		{F4B34E80-9B6B-4105-85E7-89A1822D61E5}.Debug|Any CPU.Build.0 = Debug|Any CPU
		{F4B34E80-9B6B-4105-85E7-89A1822D61E5}.Release|Any CPU.ActiveCfg = Release|Any CPU
		{F4B34E80-9B6B-4105-85E7-89A1822D61E5}.Release|Any CPU.Build.0 = Release|Any CPU
		{A637814A-31BC-4406-A9F3-98FC35A5D974}.Debug|Any CPU.ActiveCfg = Debug|Any CPU
		{A637814A-31BC-4406-A9F3-98FC35A5D974}.Debug|Any CPU.Build.0 = Debug|Any CPU
		{A637814A-31BC-4406-A9F3-98FC35A5D974}.Release|Any CPU.ActiveCfg = Release|Any CPU
		{A637814A-31BC-4406-A9F3-98FC35A5D974}.Release|Any CPU.Build.0 = Release|Any CPU
		{7C2A4C41-D507-4DF7-B1B9-701C90D27677}.Debug|Any CPU.ActiveCfg = Debug|Any CPU
		{7C2A4C41-D507-4DF7-B1B9-701C90D27677}.Debug|Any CPU.Build.0 = Debug|Any CPU
		{7C2A4C41-D507-4DF7-B1B9-701C90D27677}.Release|Any CPU.ActiveCfg = Release|Any CPU
		{7C2A4C41-D507-4DF7-B1B9-701C90D27677}.Release|Any CPU.Build.0 = Release|Any CPU
		{46A607CE-952C-4EFD-A141-AFD6FCD7954A}.Debug|Any CPU.ActiveCfg = Debug|Any CPU
		{46A607CE-952C-4EFD-A141-AFD6FCD7954A}.Debug|Any CPU.Build.0 = Debug|Any CPU
		{46A607CE-952C-4EFD-A141-AFD6FCD7954A}.Release|Any CPU.ActiveCfg = Release|Any CPU
		{46A607CE-952C-4EFD-A141-AFD6FCD7954A}.Release|Any CPU.Build.0 = Release|Any CPU
		{9B9468B6-EB3A-4948-A963-92EA20CAB372}.Debug|Any CPU.ActiveCfg = Debug|Any CPU
		{9B9468B6-EB3A-4948-A963-92EA20CAB372}.Debug|Any CPU.Build.0 = Debug|Any CPU
		{9B9468B6-EB3A-4948-A963-92EA20CAB372}.Release|Any CPU.ActiveCfg = Release|Any CPU
		{9B9468B6-EB3A-4948-A963-92EA20CAB372}.Release|Any CPU.Build.0 = Release|Any CPU
		{8832FCCB-4BFA-4CD4-819A-4F7372B6EDD5}.Debug|Any CPU.ActiveCfg = Debug|Any CPU
		{8832FCCB-4BFA-4CD4-819A-4F7372B6EDD5}.Debug|Any CPU.Build.0 = Debug|Any CPU
		{8832FCCB-4BFA-4CD4-819A-4F7372B6EDD5}.Release|Any CPU.ActiveCfg = Release|Any CPU
		{8832FCCB-4BFA-4CD4-819A-4F7372B6EDD5}.Release|Any CPU.Build.0 = Release|Any CPU
		{606C943F-27DC-4713-A028-125E68280CCE}.Debug|Any CPU.ActiveCfg = Debug|Any CPU
		{606C943F-27DC-4713-A028-125E68280CCE}.Debug|Any CPU.Build.0 = Debug|Any CPU
		{606C943F-27DC-4713-A028-125E68280CCE}.Release|Any CPU.ActiveCfg = Release|Any CPU
		{606C943F-27DC-4713-A028-125E68280CCE}.Release|Any CPU.Build.0 = Release|Any CPU
	EndGlobalSection
	GlobalSection(SolutionProperties) = preSolution
		HideSolutionNode = FALSE
	EndGlobalSection
	GlobalSection(ExtensibilityGlobals) = postSolution
		SolutionGuid = {6C5CF7E5-D34E-451D-B560-C308F087AC69}
	EndGlobalSection
EndGlobal
